dependencies:
- name: headmaster
  repository: file://../chart
  version: 0.2.0-next
- name: pocket-id-operator
  repository: oci://ghcr.io/aclerici38/charts
  version: 0.7.1
digest: sha256:2478e65e8bb94e5ae6f1726c8337bc11ceda7824a89b5c2d59d9cdc36732c0eb
generated: "2026-07-07T16:58:00.524166-04:00"
