dependencies:
- name: headmaster
  repository: oci://ghcr.io/potatonode/charts
  version: 0.2.0
- name: pocket-id-operator
  repository: oci://ghcr.io/aclerici38/charts
  version: 0.7.1
digest: sha256:134fd8c021f4425d1deddc889e09c6d1fcbb3eb1bddc72a8293e6576dc650acb
generated: "2026-07-07T14:46:23.631951-04:00"
